
Microsoft Visual Studio Solution File, Format Version 12.00
# Visual Studio Version 16
VisualStudioVersion = 16.0.30523.141
MinimumVisualStudioVersion = 10.0.40219.1
Project("{FAE04EC0-301F-11D3-BF4B-00C04F79EFBC}") = "xstore cs api", "xstore cs api\xstore cs api.csproj", "{1137A1DF-1B97-4D2C-8CF3-2B9072FB0989}"
EndProject
Global
	GlobalSection(SolutionConfigurationPlatforms) = preSolution
		Debug|Any CPU = Debug|Any CPU
		Release|Any CPU = Release|Any CPU
	EndGlobalSection
	GlobalSection(ProjectConfigurationPlatforms) = postSolution
		{1137A1DF-1B97-4D2C-8CF3-2B9072FB0989}.Debug|Any CPU.ActiveCfg = Debug|Any CPU
		{1137A1DF-1B97-4D2C-8CF3-2B9072FB0989}.Debug|Any CPU.Build.0 = Debug|Any CPU
		{1137A1DF-1B97-4D2C-8CF3-2B9072FB0989}.Release|Any CPU.ActiveCfg = Release|Any CPU
		{1137A1DF-1B97-4D2C-8CF3-2B9072FB0989}.Release|Any CPU.Build.0 = Release|Any CPU
	EndGlobalSection
	GlobalSection(SolutionProperties) = preSolution
		HideSolutionNode = FALSE
	EndGlobalSection
	GlobalSection(ExtensibilityGlobals) = postSolution
		SolutionGuid = {001CFEDE-D909-4B34-9038-055C104B9495}
	EndGlobalSection
EndGlobal
